{
  "version": 4,
  "terraform_version": "1.12.2",
  "serial": 146,
  "lineage": "9cf490f7-fa41-3857-221b-340bfa52eeb4",
  "outputs": {
    "cluster_ca_certificate": {
      "value": "LS0tLS1CRUdJTiBDRVJUSUZJQ0FURS0tLS0tCk1JSURCVENDQWUyZ0F3SUJBZ0lJWExPckZrampjNHN3RFFZSktvWklodmNOQVFFTEJRQXdGVEVUTUJFR0ExVUUKQXhNS2EzVmlaWEp1WlhSbGN6QWVGdzB5TlRBNE1USXdNakV3TURSYUZ3MHpOVEE0TVRBd01qRTFNRFJhTUJVeApFekFSQmdOVkJBTVRDbXQxWW1WeWJtVjBaWE13Z2dFaU1BMEdDU3FHU0liM0RRRUJBUVVBQTRJQkR3QXdnZ0VLCkFvSUJBUUN1VlphdzJScXBuY3pqU0tpL2F1SWZzamI1K2k2aEtWdEtnMWI1K3FCbm16UGdNMWFaOTFKOHBsQysKb2lyMGgyRG0ycW1xdkxrS2s2dUhGTmc0TjIyMW1nancxb2duK0RoTnBjdjNtSnI3Sm1UTEhpc05md2pIOVNLMQpDUXZnay84YnF2Rk83Y0x5TmVjUCtXTTdOVjFhVXZEWW1hbEw2TnpWYVcrOUV3NWRnbzduMnplTlVtRkpEZzYwCjFmVFduQzcrdHdwYlIyMnJndHhlK2ZpUzVOcitMN2h4bFBhN2VsUHZjQUFZY0QzeExHeThCeTY3em12N1lvUGwKVitvczdpcVlJNUJGdlY3bGU4blBaNFlmODhYLzdoTFFtTk1mQUx1SXcwY0RNTmhHRHMyQk1sdTJaMEJPRWdqRgpIeFZnNFcyWEFxYU1vY0t2eVZidUdCanM0d25CQWdNQkFBR2pXVEJYTUE0R0ExVWREd0VCL3dRRUF3SUNwREFQCkJnTlZIUk1CQWY4RUJUQURBUUgvTUIwR0ExVWREZ1FXQkJTSFRBQUVPUkJmc0hVZ0dPWGtUYXltbEt1T2N6QVYKQmdOVkhSRUVEakFNZ2dwcmRXSmxjbTVsZEdWek1BMEdDU3FHU0liM0RRRUJDd1VBQTRJQkFRQ2dpTENja0FJWApXQmhEZUhMT09kMWVNRTYrdGxjM0JETUJ1bVdkNXp0bFpLT1VKRXZjdlFkMWxWMFd4UGFvWXExMFo5eS9zZm9ZClBmYTJXMzhkSG9DcVhJNjJXcWMxNGZLYzZCcDBQSzV1eW90M1FLcmJFVjR3eWxDblFGd2c1aFhFVmgwVzhiMHIKN0txMzdjS2xFdUsvS3YzOU92dGZuR0JkMmlKdE5NM0pmU0lxL3Q5c29UY0ZkWlRxMHd0M3Q0b2FGUFlJdGRtMwptRXJxQTA0TVljbGJZN2c4WGQ3V2hHbjhQSFlTM05TSHZDVFlrRjM4eXdSUDQ2cGd4bm5xNjZYRy9LZDE2WTZlCkpCTUUwemZRTWNjeEhqV2Nwait0elp5ZmxEVHdVVEVEWFB6c2VXWC9tcVQ5VGwvYUppMnFvZVJsa05oMmxtT0EKWHFUZHRONjV1TW9sCi0tLS0tRU5EIENFUlRJRklDQVRFLS0tLS0K",
      "type": "string"
    },
    "cluster_endpoint": {
      "value": "https://C36DC0442A895C12F3B1310217400D02.gr7.us-east-1.eks.amazonaws.com",
      "type": "string"
    },
    "cluster_name": {
      "value": "llasta-minimal",
      "type": "string"
    },
    "node_group_name": {
      "value": "default",
      "type": "string"
    }
  },
  "resources": [
    {
      "mode": "data",
      "type": "aws_subnet",
      "name": "by_id",
      "provider": "provider[\"registry.terraform.io/hashicorp/aws\"]",
      "instances": [
        {
          "index_key": "subnet-037ed706b21770f68",
          "schema_version": 0,
          "attributes": {
            "arn": "arn:aws:ec2:us-east-1:142473567252:subnet/subnet-037ed706b21770f68",
            "assign_ipv6_address_on_creation": false,
            "availability_zone": "us-east-1a",
            "availability_zone_id": "use1-az1",
            "available_ip_address_count": 4091,
            "cidr_block": "172.31.0.0/20",
            "customer_owned_ipv4_pool": "",
            "default_for_az": true,
            "enable_dns64": false,
            "enable_lni_at_device_index": 0,
            "enable_resource_name_dns_a_record_on_launch": false,
            "enable_resource_name_dns_aaaa_record_on_launch": false,
            "filter": null,
            "id": "subnet-037ed706b21770f68",
            "ipv6_cidr_block": "",
            "ipv6_cidr_block_association_id": "",
            "ipv6_native": false,
            "map_customer_owned_ip_on_launch": false,
            "map_public_ip_on_launch": true,
            "outpost_arn": "",
            "owner_id": "142473567252",
            "private_dns_hostname_type_on_launch": "ip-name",
            "state": "available",
            "tags": {},
            "timeouts": null,
            "vpc_id": "vpc-0eab6d10f3787c6db"
          },
          "sensitive_attributes": [],
          "identity_schema_version": 0
        },
        {
          "index_key": "subnet-064ad15dd01e57af5",
          "schema_version": 0,
          "attributes": {
            "arn": "arn:aws:ec2:us-east-1:142473567252:subnet/subnet-064ad15dd01e57af5",
            "assign_ipv6_address_on_creation": false,
            "availability_zone": "us-east-1b",
            "availability_zone_id": "use1-az2",
            "available_ip_address_count": 4091,
            "cidr_block": "172.31.80.0/20",
            "customer_owned_ipv4_pool": "",
            "default_for_az": true,
            "enable_dns64": false,
            "enable_lni_at_device_index": 0,
            "enable_resource_name_dns_a_record_on_launch": false,
            "enable_resource_name_dns_aaaa_record_on_launch": false,
            "filter": null,
            "id": "subnet-064ad15dd01e57af5",
            "ipv6_cidr_block": "",
            "ipv6_cidr_block_association_id": "",
            "ipv6_native": false,
            "map_customer_owned_ip_on_launch": false,
            "map_public_ip_on_launch": true,
            "outpost_arn": "",
            "owner_id": "142473567252",
            "private_dns_hostname_type_on_launch": "ip-name",
            "state": "available",
            "tags": {},
            "timeouts": null,
            "vpc_id": "vpc-0eab6d10f3787c6db"
          },
          "sensitive_attributes": [],
          "identity_schema_version": 0
        },
        {
          "index_key": "subnet-0a418f4e49d7e66a5",
          "schema_version": 0,
          "attributes": {
            "arn": "arn:aws:ec2:us-east-1:142473567252:subnet/subnet-0a418f4e49d7e66a5",
            "assign_ipv6_address_on_creation": false,
            "availability_zone": "us-east-1d",
            "availability_zone_id": "use1-az6",
            "available_ip_address_count": 4091,
            "cidr_block": "172.31.32.0/20",
            "customer_owned_ipv4_pool": "",
            "default_for_az": true,
            "enable_dns64": false,
            "enable_lni_at_device_index": 0,
            "enable_resource_name_dns_a_record_on_launch": false,
            "enable_resource_name_dns_aaaa_record_on_launch": false,
            "filter": null,
            "id": "subnet-0a418f4e49d7e66a5",
            "ipv6_cidr_block": "",
            "ipv6_cidr_block_association_id": "",
            "ipv6_native": false,
            "map_customer_owned_ip_on_launch": false,
            "map_public_ip_on_launch": true,
            "outpost_arn": "",
            "owner_id": "142473567252",
            "private_dns_hostname_type_on_launch": "ip-name",
            "state": "available",
            "tags": {},
            "timeouts": null,
            "vpc_id": "vpc-0eab6d10f3787c6db"
          },
          "sensitive_attributes": [],
          "identity_schema_version": 0
        },
        {
          "index_key": "subnet-0b5552245d0675705",
          "schema_version": 0,
          "attributes": {
            "arn": "arn:aws:ec2:us-east-1:142473567252:subnet/subnet-0b5552245d0675705",
            "assign_ipv6_address_on_creation": false,
            "availability_zone": "us-east-1f",
            "availability_zone_id": "use1-az5",
            "available_ip_address_count": 4091,
            "cidr_block": "172.31.64.0/20",
            "customer_owned_ipv4_pool": "",
            "default_for_az": true,
            "enable_dns64": false,
            "enable_lni_at_device_index": 0,
            "enable_resource_name_dns_a_record_on_launch": false,
            "enable_resource_name_dns_aaaa_record_on_launch": false,
            "filter": null,
            "id": "subnet-0b5552245d0675705",
            "ipv6_cidr_block": "",
            "ipv6_cidr_block_association_id": "",
            "ipv6_native": false,
            "map_customer_owned_ip_on_launch": false,
            "map_public_ip_on_launch": true,
            "outpost_arn": "",
            "owner_id": "142473567252",
            "private_dns_hostname_type_on_launch": "ip-name",
            "state": "available",
            "tags": {},
            "timeouts": null,
            "vpc_id": "vpc-0eab6d10f3787c6db"
          },
          "sensitive_attributes": [],
          "identity_schema_version": 0
        },
        {
          "index_key": "subnet-0d2f8262019efd739",
          "schema_version": 0,
          "attributes": {
            "arn": "arn:aws:ec2:us-east-1:142473567252:subnet/subnet-0d2f8262019efd739",
            "assign_ipv6_address_on_creation": false,
            "availability_zone": "us-east-1c",
            "availability_zone_id": "use1-az4",
            "available_ip_address_count": 4091,
            "cidr_block": "172.31.16.0/20",
            "customer_owned_ipv4_pool": "",
            "default_for_az": true,
            "enable_dns64": false,
            "enable_lni_at_device_index": 0,
            "enable_resource_name_dns_a_record_on_launch": false,
            "enable_resource_name_dns_aaaa_record_on_launch": false,
            "filter": null,
            "id": "subnet-0d2f8262019efd739",
            "ipv6_cidr_block": "",
            "ipv6_cidr_block_association_id": "",
            "ipv6_native": false,
            "map_customer_owned_ip_on_launch": false,
            "map_public_ip_on_launch": true,
            "outpost_arn": "",
            "owner_id": "142473567252",
            "private_dns_hostname_type_on_launch": "ip-name",
            "state": "available",
            "tags": {},
            "timeouts": null,
            "vpc_id": "vpc-0eab6d10f3787c6db"
          },
          "sensitive_attributes": [],
          "identity_schema_version": 0
        },
        {
          "index_key": "subnet-0ecd18493f56b6c82",
          "schema_version": 0,
          "attributes": {
            "arn": "arn:aws:ec2:us-east-1:142473567252:subnet/subnet-0ecd18493f56b6c82",
            "assign_ipv6_address_on_creation": false,
            "availability_zone": "us-east-1e",
            "availability_zone_id": "use1-az3",
            "available_ip_address_count": 4091,
            "cidr_block": "172.31.48.0/20",
            "customer_owned_ipv4_pool": "",
            "default_for_az": true,
            "enable_dns64": false,
            "enable_lni_at_device_index": 0,
            "enable_resource_name_dns_a_record_on_launch": false,
            "enable_resource_name_dns_aaaa_record_on_launch": false,
            "filter": null,
            "id": "subnet-0ecd18493f56b6c82",
            "ipv6_cidr_block": "",
            "ipv6_cidr_block_association_id": "",
            "ipv6_native": false,
            "map_customer_owned_ip_on_launch": false,
            "map_public_ip_on_launch": true,
            "outpost_arn": "",
            "owner_id": "142473567252",
            "private_dns_hostname_type_on_launch": "ip-name",
            "state": "available",
            "tags": {},
            "timeouts": null,
            "vpc_id": "vpc-0eab6d10f3787c6db"
          },
          "sensitive_attributes": [],
          "identity_schema_version": 0
        }
      ]
    },
    {
      "mode": "data",
      "type": "aws_subnets",
      "name": "default",
      "provider": "provider[\"registry.terraform.io/hashicorp/aws\"]",
      "instances": [
        {
          "schema_version": 0,
          "attributes": {
            "filter": [
              {
                "name": "vpc-id",
                "values": [
                  "vpc-0eab6d10f3787c6db"
                ]
              }
            ],
            "id": "us-east-1",
            "ids": [
              "subnet-0ecd18493f56b6c82",
              "subnet-0d2f8262019efd739",
              "subnet-0b5552245d0675705",
              "subnet-037ed706b21770f68",
              "subnet-064ad15dd01e57af5",
              "subnet-0a418f4e49d7e66a5"
            ],
            "tags": null,
            "timeouts": null
          },
          "sensitive_attributes": [],
          "identity_schema_version": 0
        }
      ]
    },
    {
      "mode": "data",
      "type": "aws_vpc",
      "name": "default",
      "provider": "provider[\"registry.terraform.io/hashicorp/aws\"]",
      "instances": [
        {
          "schema_version": 0,
          "attributes": {
            "arn": "arn:aws:ec2:us-east-1:142473567252:vpc/vpc-0eab6d10f3787c6db",
            "cidr_block": "172.31.0.0/16",
            "cidr_block_associations": [
              {
                "association_id": "vpc-cidr-assoc-0dd132a3ddf6f9931",
                "cidr_block": "172.31.0.0/16",
                "state": "associated"
              }
            ],
            "default": true,
            "dhcp_options_id": "dopt-005c13ac2c898ae45",
            "enable_dns_hostnames": true,
            "enable_dns_support": true,
            "enable_network_address_usage_metrics": false,
            "filter": null,
            "id": "vpc-0eab6d10f3787c6db",
            "instance_tenancy": "default",
            "ipv6_association_id": "",
            "ipv6_cidr_block": "",
            "main_route_table_id": "rtb-046085ff07ebd5f0a",
            "owner_id": "142473567252",
            "state": null,
            "tags": {},
            "timeouts": null
          },
          "sensitive_attributes": [],
          "identity_schema_version": 0
        }
      ]
    },
    {
      "mode": "managed",
      "type": "aws_ec2_tag",
      "name": "subnet_cluster_shared",
      "provider": "provider[\"registry.terraform.io/hashicorp/aws\"]",
      "instances": [
        {
          "index_key": "subnet-037ed706b21770f68",
          "schema_version": 0,
          "attributes": {
            "id": "subnet-037ed706b21770f68,kubernetes.io/cluster/llasta-minimal",
            "key": "kubernetes.io/cluster/llasta-minimal",
            "resource_id": "subnet-037ed706b21770f68",
            "value": "shared"
          },
          "sensitive_attributes": [],
          "identity_schema_version": 0,
          "private": "bnVsbA==",
          "dependencies": [
            "data.aws_subnet.by_id",
            "data.aws_subnets.default",
            "data.aws_vpc.default"
          ]
        },
        {
          "index_key": "subnet-064ad15dd01e57af5",
          "schema_version": 0,
          "attributes": {
            "id": "subnet-064ad15dd01e57af5,kubernetes.io/cluster/llasta-minimal",
            "key": "kubernetes.io/cluster/llasta-minimal",
            "resource_id": "subnet-064ad15dd01e57af5",
            "value": "shared"
          },
          "sensitive_attributes": [],
          "identity_schema_version": 0,
          "private": "bnVsbA==",
          "dependencies": [
            "data.aws_subnet.by_id",
            "data.aws_subnets.default",
            "data.aws_vpc.default"
          ]
        },
        {
          "index_key": "subnet-0a418f4e49d7e66a5",
          "schema_version": 0,
          "attributes": {
            "id": "subnet-0a418f4e49d7e66a5,kubernetes.io/cluster/llasta-minimal",
            "key": "kubernetes.io/cluster/llasta-minimal",
            "resource_id": "subnet-0a418f4e49d7e66a5",
            "value": "shared"
          },
          "sensitive_attributes": [],
          "identity_schema_version": 0,
          "private": "bnVsbA==",
          "dependencies": [
            "data.aws_subnet.by_id",
            "data.aws_subnets.default",
            "data.aws_vpc.default"
          ]
        },
        {
          "index_key": "subnet-0b5552245d0675705",
          "schema_version": 0,
          "attributes": {
            "id": "subnet-0b5552245d0675705,kubernetes.io/cluster/llasta-minimal",
            "key": "kubernetes.io/cluster/llasta-minimal",
            "resource_id": "subnet-0b5552245d0675705",
            "value": "shared"
          },
          "sensitive_attributes": [],
          "identity_schema_version": 0,
          "private": "bnVsbA==",
          "dependencies": [
            "data.aws_subnet.by_id",
            "data.aws_subnets.default",
            "data.aws_vpc.default"
          ]
        },
        {
          "index_key": "subnet-0d2f8262019efd739",
          "schema_version": 0,
          "attributes": {
            "id": "subnet-0d2f8262019efd739,kubernetes.io/cluster/llasta-minimal",
            "key": "kubernetes.io/cluster/llasta-minimal",
            "resource_id": "subnet-0d2f8262019efd739",
            "value": "shared"
          },
          "sensitive_attributes": [],
          "identity_schema_version": 0,
          "private": "bnVsbA==",
          "dependencies": [
            "data.aws_subnet.by_id",
            "data.aws_subnets.default",
            "data.aws_vpc.default"
          ]
        }
      ]
    },
    {
      "mode": "managed",
      "type": "aws_ec2_tag",
      "name": "subnet_elb",
      "provider": "provider[\"registry.terraform.io/hashicorp/aws\"]",
      "instances": [
        {
          "index_key": "subnet-037ed706b21770f68",
          "schema_version": 0,
          "attributes": {
            "id": "subnet-037ed706b21770f68,kubernetes.io/role/elb",
            "key": "kubernetes.io/role/elb",
            "resource_id": "subnet-037ed706b21770f68",
            "value": "1"
          },
          "sensitive_attributes": [],
          "identity_schema_version": 0,
          "private": "bnVsbA==",
          "dependencies": [
            "data.aws_subnet.by_id",
            "data.aws_subnets.default",
            "data.aws_vpc.default"
          ]
        },
        {
          "index_key": "subnet-064ad15dd01e57af5",
          "schema_version": 0,
          "attributes": {
            "id": "subnet-064ad15dd01e57af5,kubernetes.io/role/elb",
            "key": "kubernetes.io/role/elb",
            "resource_id": "subnet-064ad15dd01e57af5",
            "value": "1"
          },
          "sensitive_attributes": [],
          "identity_schema_version": 0,
          "private": "bnVsbA==",
          "dependencies": [
            "data.aws_subnet.by_id",
            "data.aws_subnets.default",
            "data.aws_vpc.default"
          ]
        },
        {
          "index_key": "subnet-0a418f4e49d7e66a5",
          "schema_version": 0,
          "attributes": {
            "id": "subnet-0a418f4e49d7e66a5,kubernetes.io/role/elb",
            "key": "kubernetes.io/role/elb",
            "resource_id": "subnet-0a418f4e49d7e66a5",
            "value": "1"
          },
          "sensitive_attributes": [],
          "identity_schema_version": 0,
          "private": "bnVsbA==",
          "dependencies": [
            "data.aws_subnet.by_id",
            "data.aws_subnets.default",
            "data.aws_vpc.default"
          ]
        },
        {
          "index_key": "subnet-0b5552245d0675705",
          "schema_version": 0,
          "attributes": {
            "id": "subnet-0b5552245d0675705,kubernetes.io/role/elb",
            "key": "kubernetes.io/role/elb",
            "resource_id": "subnet-0b5552245d0675705",
            "value": "1"
          },
          "sensitive_attributes": [],
          "identity_schema_version": 0,
          "private": "bnVsbA==",
          "dependencies": [
            "data.aws_subnet.by_id",
            "data.aws_subnets.default",
            "data.aws_vpc.default"
          ]
        },
        {
          "index_key": "subnet-0d2f8262019efd739",
          "schema_version": 0,
          "attributes": {
            "id": "subnet-0d2f8262019efd739,kubernetes.io/role/elb",
            "key": "kubernetes.io/role/elb",
            "resource_id": "subnet-0d2f8262019efd739",
            "value": "1"
          },
          "sensitive_attributes": [],
          "identity_schema_version": 0,
          "private": "bnVsbA==",
          "dependencies": [
            "data.aws_subnet.by_id",
            "data.aws_subnets.default",
            "data.aws_vpc.default"
          ]
        }
      ]
    },
    {
      "mode": "managed",
      "type": "aws_eks_cluster",
      "name": "this",
      "provider": "provider[\"registry.terraform.io/hashicorp/aws\"]",
      "instances": [
        {
          "schema_version": 1,
          "attributes": {
            "access_config": [
              {
                "authentication_mode": "CONFIG_MAP",
                "bootstrap_cluster_creator_admin_permissions": true
              }
            ],
            "arn": "arn:aws:eks:us-east-1:142473567252:cluster/llasta-minimal",
            "bootstrap_self_managed_addons": true,
            "certificate_authority": [
              {
                "data": "LS0tLS1CRUdJTiBDRVJUSUZJQ0FURS0tLS0tCk1JSURCVENDQWUyZ0F3SUJBZ0lJWExPckZrampjNHN3RFFZSktvWklodmNOQVFFTEJRQXdGVEVUTUJFR0ExVUUKQXhNS2EzVmlaWEp1WlhSbGN6QWVGdzB5TlRBNE1USXdNakV3TURSYUZ3MHpOVEE0TVRBd01qRTFNRFJhTUJVeApFekFSQmdOVkJBTVRDbXQxWW1WeWJtVjBaWE13Z2dFaU1BMEdDU3FHU0liM0RRRUJBUVVBQTRJQkR3QXdnZ0VLCkFvSUJBUUN1VlphdzJScXBuY3pqU0tpL2F1SWZzamI1K2k2aEtWdEtnMWI1K3FCbm16UGdNMWFaOTFKOHBsQysKb2lyMGgyRG0ycW1xdkxrS2s2dUhGTmc0TjIyMW1nancxb2duK0RoTnBjdjNtSnI3Sm1UTEhpc05md2pIOVNLMQpDUXZnay84YnF2Rk83Y0x5TmVjUCtXTTdOVjFhVXZEWW1hbEw2TnpWYVcrOUV3NWRnbzduMnplTlVtRkpEZzYwCjFmVFduQzcrdHdwYlIyMnJndHhlK2ZpUzVOcitMN2h4bFBhN2VsUHZjQUFZY0QzeExHeThCeTY3em12N1lvUGwKVitvczdpcVlJNUJGdlY3bGU4blBaNFlmODhYLzdoTFFtTk1mQUx1SXcwY0RNTmhHRHMyQk1sdTJaMEJPRWdqRgpIeFZnNFcyWEFxYU1vY0t2eVZidUdCanM0d25CQWdNQkFBR2pXVEJYTUE0R0ExVWREd0VCL3dRRUF3SUNwREFQCkJnTlZIUk1CQWY4RUJUQURBUUgvTUIwR0ExVWREZ1FXQkJTSFRBQUVPUkJmc0hVZ0dPWGtUYXltbEt1T2N6QVYKQmdOVkhSRUVEakFNZ2dwcmRXSmxjbTVsZEdWek1BMEdDU3FHU0liM0RRRUJDd1VBQTRJQkFRQ2dpTENja0FJWApXQmhEZUhMT09kMWVNRTYrdGxjM0JETUJ1bVdkNXp0bFpLT1VKRXZjdlFkMWxWMFd4UGFvWXExMFo5eS9zZm9ZClBmYTJXMzhkSG9DcVhJNjJXcWMxNGZLYzZCcDBQSzV1eW90M1FLcmJFVjR3eWxDblFGd2c1aFhFVmgwVzhiMHIKN0txMzdjS2xFdUsvS3YzOU92dGZuR0JkMmlKdE5NM0pmU0lxL3Q5c29UY0ZkWlRxMHd0M3Q0b2FGUFlJdGRtMwptRXJxQTA0TVljbGJZN2c4WGQ3V2hHbjhQSFlTM05TSHZDVFlrRjM4eXdSUDQ2cGd4bm5xNjZYRy9LZDE2WTZlCkpCTUUwemZRTWNjeEhqV2Nwait0elp5ZmxEVHdVVEVEWFB6c2VXWC9tcVQ5VGwvYUppMnFvZVJsa05oMmxtT0EKWHFUZHRONjV1TW9sCi0tLS0tRU5EIENFUlRJRklDQVRFLS0tLS0K"
              }
            ],
            "cluster_id": null,
            "compute_config": [],
            "created_at": "2025-08-12T02:10:15Z",
            "enabled_cluster_log_types": null,
            "encryption_config": [],
            "endpoint": "https://C36DC0442A895C12F3B1310217400D02.gr7.us-east-1.eks.amazonaws.com",
            "force_update_version": null,
            "id": "llasta-minimal",
            "identity": [
              {
                "oidc": [
                  {
                    "issuer": "https://oidc.eks.us-east-1.amazonaws.com/id/C36DC0442A895C12F3B1310217400D02"
                  }
                ]
              }
            ],
            "kubernetes_network_config": [
              {
                "elastic_load_balancing": [
                  {
                    "enabled": false
                  }
                ],
                "ip_family": "ipv4",
                "service_ipv4_cidr": "10.100.0.0/16",
                "service_ipv6_cidr": ""
              }
            ],
            "name": "llasta-minimal",
            "outpost_config": [],
            "platform_version": "eks.43",
            "remote_network_config": [],
            "role_arn": "arn:aws:iam::142473567252:role/eks-cluster-role",
            "status": "ACTIVE",
            "storage_config": [],
            "tags": null,
            "tags_all": {},
            "timeouts": null,
            "upgrade_policy": [
              {
                "support_type": "EXTENDED"
              }
            ],
            "version": "1.29",
            "vpc_config": [
              {
                "cluster_security_group_id": "sg-093a3b17987bdba9b",
                "endpoint_private_access": false,
                "endpoint_public_access": true,
                "public_access_cidrs": [
                  "0.0.0.0/0"
                ],
                "security_group_ids": null,
                "subnet_ids": [
                  "subnet-037ed706b21770f68",
                  "subnet-064ad15dd01e57af5",
                  "subnet-0a418f4e49d7e66a5",
                  "subnet-0b5552245d0675705",
                  "subnet-0d2f8262019efd739"
                ],
                "vpc_id": "vpc-0eab6d10f3787c6db"
              }
            ],
            "zonal_shift_config": []
          },
          "sensitive_attributes": [],
          "identity_schema_version": 0,
          "private": "eyJlMmJmYjczMC1lY2FhLTExZTYtOGY4OC0zNDM2M2JjN2M0YzAiOnsiY3JlYXRlIjoxODAwMDAwMDAwMDAwLCJkZWxldGUiOjkwMDAwMDAwMDAwMCwidXBkYXRlIjozNjAwMDAwMDAwMDAwfSwic2NoZW1hX3ZlcnNpb24iOiIxIn0=",
          "dependencies": [
            "aws_iam_role.eks_cluster_role",
            "aws_iam_role_policy_attachment.eks_cluster_AmazonEKSClusterPolicy",
            "aws_iam_role_policy_attachment.eks_cluster_AmazonEKSServicePolicy",
            "data.aws_subnet.by_id",
            "data.aws_subnets.default",
            "data.aws_vpc.default"
          ]
        }
      ]
    },
    {
      "mode": "managed",
      "type": "aws_eks_node_group",
      "name": "default",
      "provider": "provider[\"registry.terraform.io/hashicorp/aws\"]",
      "instances": [
        {
          "schema_version": 0,
          "attributes": {
            "ami_type": "AL2_x86_64",
            "arn": "arn:aws:eks:us-east-1:142473567252:nodegroup/llasta-minimal/default/36cc4e08-9130-1c7c-7b3c-617bb2871ace",
            "capacity_type": "ON_DEMAND",
            "cluster_name": "llasta-minimal",
            "disk_size": 20,
            "force_update_version": null,
            "id": "llasta-minimal:default",
            "instance_types": [
              "t3.micro"
            ],
            "labels": null,
            "launch_template": [],
            "node_group_name": "default",
            "node_group_name_prefix": "",
            "node_repair_config": [],
            "node_role_arn": "arn:aws:iam::142473567252:role/eks-node-role",
            "release_version": "1.29.15-20250807",
            "remote_access": [],
            "resources": [
              {
                "autoscaling_groups": [
                  {
                    "name": "eks-default-36cc4e08-9130-1c7c-7b3c-617bb2871ace"
                  }
                ],
                "remote_access_security_group_id": ""
              }
            ],
            "scaling_config": [
              {
                "desired_size": 1,
                "max_size": 1,
                "min_size": 1
              }
            ],
            "status": "ACTIVE",
            "subnet_ids": [
              "subnet-037ed706b21770f68",
              "subnet-064ad15dd01e57af5",
              "subnet-0a418f4e49d7e66a5",
              "subnet-0b5552245d0675705",
              "subnet-0d2f8262019efd739"
            ],
            "tags": null,
            "tags_all": {},
            "taint": [],
            "timeouts": null,
            "update_config": [
              {
                "max_unavailable": 1,
                "max_unavailable_percentage": 0
              }
            ],
            "version": "1.29"
          },
          "sensitive_attributes": [],
          "identity_schema_version": 0,
          "private": "eyJlMmJmYjczMC1lY2FhLTExZTYtOGY4OC0zNDM2M2JjN2M0YzAiOnsiY3JlYXRlIjozNjAwMDAwMDAwMDAwLCJkZWxldGUiOjM2MDAwMDAwMDAwMDAsInVwZGF0ZSI6MzYwMDAwMDAwMDAwMH19",
          "dependencies": [
            "aws_ec2_tag.subnet_cluster_shared",
            "aws_ec2_tag.subnet_elb",
            "aws_eks_cluster.this",
            "aws_iam_role.eks_cluster_role",
            "aws_iam_role.eks_node_role",
            "aws_iam_role_policy_attachment.eks_cluster_AmazonEKSClusterPolicy",
            "aws_iam_role_policy_attachment.eks_cluster_AmazonEKSServicePolicy",
            "aws_iam_role_policy_attachment.eks_node_AmazonEC2ContainerRegistryReadOnly",
            "aws_iam_role_policy_attachment.eks_node_AmazonEKSWorkerNodePolicy",
            "aws_iam_role_policy_attachment.eks_node_AmazonEKS_CNI_Policy",
            "data.aws_subnet.by_id",
            "data.aws_subnets.default",
            "data.aws_vpc.default"
          ]
        }
      ]
    },
    {
      "mode": "managed",
      "type": "aws_iam_role",
      "name": "eks_cluster_role",
      "provider": "provider[\"registry.terraform.io/hashicorp/aws\"]",
      "instances": [
        {
          "schema_version": 0,
          "attributes": {
            "arn": "arn:aws:iam::142473567252:role/eks-cluster-role",
            "assume_role_policy": "{\"Statement\":[{\"Action\":\"sts:AssumeRole\",\"Effect\":\"Allow\",\"Principal\":{\"Service\":\"eks.amazonaws.com\"}}],\"Version\":\"2012-10-17\"}",
            "create_date": "2025-08-12T02:10:12Z",
            "description": "",
            "force_detach_policies": false,
            "id": "eks-cluster-role",
            "inline_policy": [],
            "managed_policy_arns": [],
            "max_session_duration": 3600,
            "name": "eks-cluster-role",
            "name_prefix": "",
            "path": "/",
            "permissions_boundary": "",
            "tags": null,
            "tags_all": {},
            "unique_id": "AROASCLAWDQKDHXR2ILDB"
          },
          "sensitive_attributes": [],
          "identity_schema_version": 0,
          "private": "bnVsbA=="
        }
      ]
    },
    {
      "mode": "managed",
      "type": "aws_iam_role",
      "name": "eks_node_role",
      "provider": "provider[\"registry.terraform.io/hashicorp/aws\"]",
      "instances": [
        {
          "schema_version": 0,
          "attributes": {
            "arn": "arn:aws:iam::142473567252:role/eks-node-role",
            "assume_role_policy": "{\"Statement\":[{\"Action\":\"sts:AssumeRole\",\"Effect\":\"Allow\",\"Principal\":{\"Service\":\"ec2.amazonaws.com\"}}],\"Version\":\"2012-10-17\"}",
            "create_date": "2025-08-12T02:10:12Z",
            "description": "",
            "force_detach_policies": false,
            "id": "eks-node-role",
            "inline_policy": [],
            "managed_policy_arns": [],
            "max_session_duration": 3600,
            "name": "eks-node-role",
            "name_prefix": "",
            "path": "/",
            "permissions_boundary": "",
            "tags": null,
            "tags_all": {},
            "unique_id": "AROASCLAWDQKJTXDESQSW"
          },
          "sensitive_attributes": [],
          "identity_schema_version": 0,
          "private": "bnVsbA=="
        }
      ]
    },
    {
      "mode": "managed",
      "type": "aws_iam_role_policy_attachment",
      "name": "eks_cluster_AmazonEKSClusterPolicy",
      "provider": "provider[\"registry.terraform.io/hashicorp/aws\"]",
      "instances": [
        {
          "schema_version": 0,
          "attributes": {
            "id": "eks-cluster-role-20250812021014552100000001",
            "policy_arn": "arn:aws:iam::aws:policy/AmazonEKSClusterPolicy",
            "role": "eks-cluster-role"
          },
          "sensitive_attributes": [],
          "identity_schema_version": 0,
          "private": "bnVsbA==",
          "dependencies": [
            "aws_iam_role.eks_cluster_role"
          ]
        }
      ]
    },
    {
      "mode": "managed",
      "type": "aws_iam_role_policy_attachment",
      "name": "eks_cluster_AmazonEKSServicePolicy",
      "provider": "provider[\"registry.terraform.io/hashicorp/aws\"]",
      "instances": [
        {
          "schema_version": 0,
          "attributes": {
            "id": "eks-cluster-role-20250812021014585700000002",
            "policy_arn": "arn:aws:iam::aws:policy/AmazonEKSServicePolicy",
            "role": "eks-cluster-role"
          },
          "sensitive_attributes": [],
          "identity_schema_version": 0,
          "private": "bnVsbA==",
          "dependencies": [
            "aws_iam_role.eks_cluster_role"
          ]
        }
      ]
    },
    {
      "mode": "managed",
      "type": "aws_iam_role_policy_attachment",
      "name": "eks_node_AmazonEC2ContainerRegistryReadOnly",
      "provider": "provider[\"registry.terraform.io/hashicorp/aws\"]",
      "instances": [
        {
          "schema_version": 0,
          "attributes": {
            "id": "eks-node-role-20250812021014803700000004",
            "policy_arn": "arn:aws:iam::aws:policy/AmazonEC2ContainerRegistryReadOnly",
            "role": "eks-node-role"
          },
          "sensitive_attributes": [],
          "identity_schema_version": 0,
          "private": "bnVsbA==",
          "dependencies": [
            "aws_iam_role.eks_node_role"
          ]
        }
      ]
    },
    {
      "mode": "managed",
      "type": "aws_iam_role_policy_attachment",
      "name": "eks_node_AmazonEKSWorkerNodePolicy",
      "provider": "provider[\"registry.terraform.io/hashicorp/aws\"]",
      "instances": [
        {
          "schema_version": 0,
          "attributes": {
            "id": "eks-node-role-20250812021014829500000005",
            "policy_arn": "arn:aws:iam::aws:policy/AmazonEKSWorkerNodePolicy",
            "role": "eks-node-role"
          },
          "sensitive_attributes": [],
          "identity_schema_version": 0,
          "private": "bnVsbA==",
          "dependencies": [
            "aws_iam_role.eks_node_role"
          ]
        }
      ]
    },
    {
      "mode": "managed",
      "type": "aws_iam_role_policy_attachment",
      "name": "eks_node_AmazonEKS_CNI_Policy",
      "provider": "provider[\"registry.terraform.io/hashicorp/aws\"]",
      "instances": [
        {
          "schema_version": 0,
          "attributes": {
            "id": "eks-node-role-20250812021014704400000003",
            "policy_arn": "arn:aws:iam::aws:policy/AmazonEKS_CNI_Policy",
            "role": "eks-node-role"
          },
          "sensitive_attributes": [],
          "identity_schema_version": 0,
          "private": "bnVsbA==",
          "dependencies": [
            "aws_iam_role.eks_node_role"
          ]
        }
      ]
    }
  ],
  "check_results": null
}
